
Microsoft Visual Studio Solution File, Format Version 12.00
# Visual Studio Version 16
VisualStudioVersion = 16.0.29519.87
MinimumVisualStudioVersion = 10.0.40219.1
Project("{FAE04EC0-301F-11D3-BF4B-00C04F79EFBC}") = "MyGameStore", "MyGameStore\MyGameStore.csproj", "{F8FD4ABB-4C1D-43BD-A85F-FA31FD7657FF}"
EndProject
Global
	GlobalSection(SolutionConfigurationPlatforms) = preSolution
		Debug|Any CPU = Debug|Any CPU
		Release|Any CPU = Release|Any CPU
	EndGlobalSection
	GlobalSection(ProjectConfigurationPlatforms) = postSolution
		{F8FD4ABB-4C1D-43BD-A85F-FA31FD7657FF}.Debug|Any CPU.ActiveCfg = Debug|Any CPU
		{F8FD4ABB-4C1D-43BD-A85F-FA31FD7657FF}.Debug|Any CPU.Build.0 = Debug|Any CPU
		{F8FD4ABB-4C1D-43BD-A85F-FA31FD7657FF}.Release|Any CPU.ActiveCfg = Release|Any CPU
		{F8FD4ABB-4C1D-43BD-A85F-FA31FD7657FF}.Release|Any CPU.Build.0 = Release|Any CPU
	EndGlobalSection
	GlobalSection(SolutionProperties) = preSolution
		HideSolutionNode = FALSE
	EndGlobalSection
	GlobalSection(ExtensibilityGlobals) = postSolution
		SolutionGuid = {9D86EDD5-920E-4E09-BD2B-383049721685}
	EndGlobalSection
EndGlobal
